// !$*UTF8*$!
{
	archiveVersion = 1;
	classes = {
	};
	objectVersion = 56;
	objects = {

/* Begin PBXBuildFile section */
		1083CD472B4DA6E400D13A76 /* AppDelegate.swift in Sources */ = {isa = PBXBuildFile; fileRef = 1083CD462B4DA6E400D13A76 /* AppDelegate.swift */; };
		1083CD492B4DA6E400D13A76 /* SceneDelegate.swift in Sources */ = {isa = PBXBuildFile; fileRef = 1083CD482B4DA6E400D13A76 /* SceneDelegate.swift */; };
		1083CD4B2B4DA6E400D13A76 /* ViewController.swift in Sources */ = {isa = PBXBuildFile; fileRef = 1083CD4A2B4DA6E400D13A76 /* ViewController.swift */; };
		1083CD4E2B4DA6E400D13A76 /* Main.storyboard in Resources */ = {isa = PBXBuildFile; fileRef = 1083CD4C2B4DA6E400D13A76 /* Main.storyboard */; };
		1083CD502B4DA6FD00D13A76 /* Assets.xcassets in Resources */ = {isa = PBXBuildFile; fileRef = 1083CD4F2B4DA6FD00D13A76 /* Assets.xcassets */; };
		1083CD532B4DA6FD00D13A76 /* LaunchScreen.storyboard in Resources */ = {isa = PBXBuildFile; fileRef = 1083CD512B4DA6FD00D13A76 /* LaunchScreen.storyboard */; };
		1083CD5E2B4DA6FD00D13A76 /* CoreDataProjectTests.swift in Sources */ = {isa = PBXBuildFile; fileRef = 1083CD5D2B4DA6FD00D13A76 /* CoreDataProjectTests.swift */; };
		1083CD682B4DA6FD00D13A76 /* CoreDataProjectUITests.swift in Sources */ = {isa = PBXBuildFile; fileRef = 1083CD672B4DA6FD00D13A76 /* CoreDataProjectUITests.swift */; };
		1083CD6A2B4DA6FD00D13A76 /* CoreDataProjectUITestsLaunchTests.swift in Sources */ = {isa = PBXBuildFile; fileRef = 1083CD692B4DA6FD00D13A76 /* CoreDataProjectUITestsLaunchTests.swift */; };
		1083CD842B4DBC3C00D13A76 /* CoreDataProject.xcdatamodeld in Sources */ = {isa = PBXBuildFile; fileRef = 1083CD822B4DBC3C00D13A76 /* CoreDataProject.xcdatamodeld */; };
		1083CD852B4DBC3C00D13A76 /* CoreDataProject.xcdatamodeld in Sources */ = {isa = PBXBuildFile; fileRef = 1083CD822B4DBC3C00D13A76 /* CoreDataProject.xcdatamodeld */; };
		1083CD862B4DBC3C00D13A76 /* CoreDataProject.xcdatamodeld in Sources */ = {isa = PBXBuildFile; fileRef = 1083CD822B4DBC3C00D13A76 /* CoreDataProject.xcdatamodeld */; };
/* End PBXBuildFile section */

/* Begin PBXContainerItemProxy section */
		1083CD5A2B4DA6FD00D13A76 /* PBXContainerItemProxy */ = {
			isa = PBXContainerItemProxy;
			containerPortal = 1083CD3B2B4DA6E400D13A76 /* Project object */;
			proxyType = 1;
			remoteGlobalIDString = 1083CD422B4DA6E400D13A76;
			remoteInfo = CoreDataProject;
		};
		1083CD642B4DA6FD00D13A76 /* PBXContainerItemProxy */ = {
			isa = PBXContainerItemProxy;
			containerPortal = 1083CD3B2B4DA6E400D13A76 /* Project object */;
			proxyType = 1;
			remoteGlobalIDString = 1083CD422B4DA6E400D13A76;
			remoteInfo = CoreDataProject;
		};
/* End PBXContainerItemProxy section */

/* Begin PBXFileReference section */
		1083CD432B4DA6E400D13A76 /* CoreDataProject.app */ = {isa = PBXFileReference; explicitFileType = wrapper.application; includeInIndex = 0; path = CoreDataProject.app; sourceTree = BUILT_PRODUCTS_DIR; };
		1083CD462B4DA6E400D13A76 /* AppDelegate.swift */ = {isa = PBXFileReference; lastKnownFileType = sourcecode.swift; path = AppDelegate.swift; sourceTree = "<group>"; };
		1083CD482B4DA6E400D13A76 /* SceneDelegate.swift */ = {isa = PBXFileReference; lastKnownFileType = sourcecode.swift; path = SceneDelegate.swift; sourceTree = "<group>"; };
		1083CD4A2B4DA6E400D13A76 /* ViewController.swift */ = {isa = PBXFileReference; lastKnownFileType = sourcecode.swift; path = ViewController.swift; sourceTree = "<group>"; };
		1083CD4D2B4DA6E400D13A76 /* Base */ = {isa = PBXFileReference; lastKnownFileType = file.storyboard; name = Base; path = Base.lproj/Main.storyboard; sourceTree = "<group>"; };
		1083CD4F2B4DA6FD00D13A76 /* Assets.xcassets */ = {isa = PBXFileReference; lastKnownFileType = folder.assetcatalog; path = Assets.xcassets; sourceTree = "<group>"; };
		1083CD522B4DA6FD00D13A76 /* Base */ = {isa = PBXFileReference; lastKnownFileType = file.storyboard; name = Base; path = Base.lproj/LaunchScreen.storyboard; sourceTree = "<group>"; };
		1083CD542B4DA6FD00D13A76 /* Info.plist */ = {isa = PBXFileReference; lastKnownFileType = text.plist.xml; path = Info.plist; sourceTree = "<group>"; };
		1083CD592B4DA6FD00D13A76 /* CoreDataProjectTests.xctest */ = {isa = PBXFileReference; explicitFileType = wrapper.cfbundle; includeInIndex = 0; path = CoreDataProjectTests.xctest; sourceTree = BUILT_PRODUCTS_DIR; };
		1083CD5D2B4DA6FD00D13A76 /* CoreDataProjectTests.swift */ = {isa = PBXFileReference; lastKnownFileType = sourcecode.swift; path = CoreDataProjectTests.swift; sourceTree = "<group>"; };
		1083CD632B4DA6FD00D13A76 /* CoreDataProjectUITests.xctest */ = {isa = PBXFileReference; explicitFileType = wrapper.cfbundle; includeInIndex = 0; path = CoreDataProjectUITests.xctest; sourceTree = BUILT_PRODUCTS_DIR; };
		1083CD672B4DA6FD00D13A76 /* CoreDataProjectUITests.swift */ = {isa = PBXFileReference; lastKnownFileType = sourcecode.swift; path = CoreDataProjectUITests.swift; sourceTree = "<group>"; };
		1083CD692B4DA6FD00D13A76 /* CoreDataProjectUITestsLaunchTests.swift */ = {isa = PBXFileReference; lastKnownFileType = sourcecode.swift; path = CoreDataProjectUITestsLaunchTests.swift; sourceTree = "<group>"; };
		1083CD832B4DBC3C00D13A76 /* CoreDataProject.xcdatamodel */ = {isa = PBXFileReference; lastKnownFileType = wrapper.xcdatamodel; path = CoreDataProject.xcdatamodel; sourceTree = "<group>"; };
/* End PBXFileReference section */

/* Begin PBXFrameworksBuildPhase section */
		1083CD402B4DA6E400D13A76 /* Frameworks */ = {
			isa = PBXFrameworksBuildPhase;
			buildActionMask = 2147483647;
			files = (
			);
			runOnlyForDeploymentPostprocessing = 0;
		};
		1083CD562B4DA6FD00D13A76 /* Frameworks */ = {
			isa = PBXFrameworksBuildPhase;
			buildActionMask = 2147483647;
			files = (
			);
			runOnlyForDeploymentPostprocessing = 0;
		};
		1083CD602B4DA6FD00D13A76 /* Frameworks */ = {
			isa = PBXFrameworksBuildPhase;
			buildActionMask = 2147483647;
			files = (
			);
			runOnlyForDeploymentPostprocessing = 0;
		};
/* End PBXFrameworksBuildPhase section */

/* Begin PBXGroup section */
		1083CD3A2B4DA6E400D13A76 = {
			isa = PBXGroup;
			children = (
				1083CD452B4DA6E400D13A76 /* CoreDataProject */,
				1083CD5C2B4DA6FD00D13A76 /* CoreDataProjectTests */,
				1083CD662B4DA6FD00D13A76 /* CoreDataProjectUITests */,
				1083CD442B4DA6E400D13A76 /* Products */,
			);
			sourceTree = "<group>";
		};
		1083CD442B4DA6E400D13A76 /* Products */ = {
			isa = PBXGroup;
			children = (
				1083CD432B4DA6E400D13A76 /* CoreDataProject.app */,
				1083CD592B4DA6FD00D13A76 /* CoreDataProjectTests.xctest */,
				1083CD632B4DA6FD00D13A76 /* CoreDataProjectUITests.xctest */,
			);
			name = Products;
			sourceTree = "<group>";
		};
		1083CD452B4DA6E400D13A76 /* CoreDataProject */ = {
			isa = PBXGroup;
			children = (
				1083CD462B4DA6E400D13A76 /* AppDelegate.swift */,
				1083CD482B4DA6E400D13A76 /* SceneDelegate.swift */,
				1083CD4A2B4DA6E400D13A76 /* ViewController.swift */,
				1083CD4C2B4DA6E400D13A76 /* Main.storyboard */,
				1083CD4F2B4DA6FD00D13A76 /* Assets.xcassets */,
				1083CD512B4DA6FD00D13A76 /* LaunchScreen.storyboard */,
				1083CD542B4DA6FD00D13A76 /* Info.plist */,
				1083CD822B4DBC3C00D13A76 /* CoreDataProject.xcdatamodeld */,
			);
			path = CoreDataProject;
			sourceTree = "<group>";
		};
		1083CD5C2B4DA6FD00D13A76 /* CoreDataProjectTests */ = {
			isa = PBXGroup;
			children = (
				1083CD5D2B4DA6FD00D13A76 /* CoreDataProjectTests.swift */,
			);
			path = CoreDataProjectTests;
			sourceTree = "<group>";
		};
		1083CD662B4DA6FD00D13A76 /* CoreDataProjectUITests */ = {
			isa = PBXGroup;
			children = (
				1083CD672B4DA6FD00D13A76 /* CoreDataProjectUITests.swift */,
				1083CD692B4DA6FD00D13A76 /* CoreDataProjectUITestsLaunchTests.swift */,
			);
			path = CoreDataProjectUITests;
			sourceTree = "<group>";
		};
/* End PBXGroup section */

/* Begin PBXNativeTarget section */
		1083CD422B4DA6E400D13A76 /* CoreDataProject */ = {
			isa = PBXNativeTarget;
			buildConfigurationList = 1083CD6D2B4DA6FD00D13A76 /* Build configuration list for PBXNativeTarget "CoreDataProject" */;
			buildPhases = (
				1083CD3F2B4DA6E400D13A76 /* Sources */,
				1083CD402B4DA6E400D13A76 /* Frameworks */,
				1083CD412B4DA6E400D13A76 /* Resources */,
			);
			buildRules = (
			);
			dependencies = (
			);
			name = CoreDataProject;
			productName = CoreDataProject;
			productReference = 1083CD432B4DA6E400D13A76 /* CoreDataProject.app */;
			productType = "com.apple.product-type.application";
		};
		1083CD582B4DA6FD00D13A76 /* CoreDataProjectTests */ = {
			isa = PBXNativeTarget;
			buildConfigurationList = 1083CD702B4DA6FD00D13A76 /* Build configuration list for PBXNativeTarget "CoreDataProjectTests" */;
			buildPhases = (
				1083CD552B4DA6FD00D13A76 /* Sources */,
				1083CD562B4DA6FD00D13A76 /* Frameworks */,
				1083CD572B4DA6FD00D13A76 /* Resources */,
			);
			buildRules = (
			);
			dependencies = (
				1083CD5B2B4DA6FD00D13A76 /* PBXTargetDependency */,
			);
			name = CoreDataProjectTests;
			productName = CoreDataProjectTests;
			productReference = 1083CD592B4DA6FD00D13A76 /* CoreDataProjectTests.xctest */;
			productType = "com.apple.product-type.bundle.unit-test";
		};
		1083CD622B4DA6FD00D13A76 /* CoreDataProjectUITests */ = {
			isa = PBXNativeTarget;
			buildConfigurationList = 1083CD732B4DA6FD00D13A76 /* Build configuration list for PBXNativeTarget "CoreDataProjectUITests" */;
			buildPhases = (
				1083CD5F2B4DA6FD00D13A76 /* Sources */,
				1083CD602B4DA6FD00D13A76 /* Frameworks */,
				1083CD612B4DA6FD00D13A76 /* Resources */,
			);
			buildRules = (
			);
			dependencies = (
				1083CD652B4DA6FD00D13A76 /* PBXTargetDependency */,
			);
			name = CoreDataProjectUITests;
			productName = CoreDataProjectUITests;
			productReference = 1083CD632B4DA6FD00D13A76 /* CoreDataProjectUITests.xctest */;
			productType = "com.apple.product-type.bundle.ui-testing";
		};
/* End PBXNativeTarget section */

/* Begin PBXProject section */
		1083CD3B2B4DA6E400D13A76 /* Project object */ = {
			isa = PBXProject;
			attributes = {
				BuildIndependentTargetsInParallel = 1;
				LastSwiftUpdateCheck = 1510;
				LastUpgradeCheck = 1510;
				TargetAttributes = {
					1083CD422B4DA6E400D13A76 = {
						CreatedOnToolsVersion = 15.1;
					};
					1083CD582B4DA6FD00D13A76 = {
						CreatedOnToolsVersion = 15.1;
						TestTargetID = 1083CD422B4DA6E400D13A76;
					};
					1083CD622B4DA6FD00D13A76 = {
						CreatedOnToolsVersion = 15.1;
						TestTargetID = 1083CD422B4DA6E400D13A76;
					};
				};
			};
			buildConfigurationList = 1083CD3E2B4DA6E400D13A76 /* Build configuration list for PBXProject "CoreDataProject" */;
			compatibilityVersion = "Xcode 14.0";
			developmentRegion = en;
			hasScannedForEncodings = 0;
			knownRegions = (
				en,
				Base,
			);
			mainGroup = 1083CD3A2B4DA6E400D13A76;
			productRefGroup = 1083CD442B4DA6E400D13A76 /* Products */;
			projectDirPath = "";
			projectRoot = "";
			targets = (
				1083CD422B4DA6E400D13A76 /* CoreDataProject */,
				1083CD582B4DA6FD00D13A76 /* CoreDataProjectTests */,
				1083CD622B4DA6FD00D13A76 /* CoreDataProjectUITests */,
			);
		};
/* End PBXProject section */

/* Begin PBXResourcesBuildPhase section */
		1083CD412B4DA6E400D13A76 /* Resources */ = {
			isa = PBXResourcesBuildPhase;
			buildActionMask = 2147483647;
			files = (
				1083CD532B4DA6FD00D13A76 /* LaunchScreen.storyboard in Resources */,
				1083CD502B4DA6FD00D13A76 /* Assets.xcassets in Resources */,
				1083CD4E2B4DA6E400D13A76 /* Main.storyboard in Resources */,
			);
			runOnlyForDeploymentPostprocessing = 0;
		};
		1083CD572B4DA6FD00D13A76 /* Resources */ = {
			isa = PBXResourcesBuildPhase;
			buildActionMask = 2147483647;
			files = (
			);
			runOnlyForDeploymentPostprocessing = 0;
		};
		1083CD612B4DA6FD00D13A76 /* Resources */ = {
			isa = PBXResourcesBuildPhase;
			buildActionMask = 2147483647;
			files = (
			);
			runOnlyForDeploymentPostprocessing = 0;
		};
/* End PBXResourcesBuildPhase section */

/* Begin PBXSourcesBuildPhase section */
		1083CD3F2B4DA6E400D13A76 /* Sources */ = {
			isa = PBXSourcesBuildPhase;
			buildActionMask = 2147483647;
			files = (
				1083CD4B2B4DA6E400D13A76 /* ViewController.swift in Sources */,
				1083CD472B4DA6E400D13A76 /* AppDelegate.swift in Sources */,
				1083CD842B4DBC3C00D13A76 /* CoreDataProject.xcdatamodeld in Sources */,
				1083CD492B4DA6E400D13A76 /* SceneDelegate.swift in Sources */,
			);
			runOnlyForDeploymentPostprocessing = 0;
		};
		1083CD552B4DA6FD00D13A76 /* Sources */ = {
			isa = PBXSourcesBuildPhase;
			buildActionMask = 2147483647;
			files = (
				1083CD852B4DBC3C00D13A76 /* CoreDataProject.xcdatamodeld in Sources */,
				1083CD5E2B4DA6FD00D13A76 /* CoreDataProjectTests.swift in Sources */,
			);
			runOnlyForDeploymentPostprocessing = 0;
		};
		1083CD5F2B4DA6FD00D13A76 /* Sources */ = {
			isa = PBXSourcesBuildPhase;
			buildActionMask = 2147483647;
			files = (
				1083CD682B4DA6FD00D13A76 /* CoreDataProjectUITests.swift in Sources */,
				1083CD6A2B4DA6FD00D13A76 /* CoreDataProjectUITestsLaunchTests.swift in Sources */,
				1083CD862B4DBC3C00D13A76 /* CoreDataProject.xcdatamodeld in Sources */,
			);
			runOnlyForDeploymentPostprocessing = 0;
		};
/* End PBXSourcesBuildPhase section */

/* Begin PBXTargetDependency section */
		1083CD5B2B4DA6FD00D13A76 /* PBXTargetDependency */ = {
			isa = PBXTargetDependency;
			target = 1083CD422B4DA6E400D13A76 /* CoreDataProject */;
			targetProxy = 1083CD5A2B4DA6FD00D13A76 /* PBXContainerItemProxy */;
		};
		1083CD652B4DA6FD00D13A76 /* PBXTargetDependency */ = {
			isa = PBXTargetDependency;
			target = 1083CD422B4DA6E400D13A76 /* CoreDataProject */;
			targetProxy = 1083CD642B4DA6FD00D13A76 /* PBXContainerItemProxy */;
		};
/* End PBXTargetDependency section */

/* Begin PBXVariantGroup section */
		1083CD4C2B4DA6E400D13A76 /* Main.storyboard */ = {
			isa = PBXVariantGroup;
			children = (
				1083CD4D2B4DA6E400D13A76 /* Base */,
			);
			name = Main.storyboard;
			sourceTree = "<group>";
		};
		1083CD512B4DA6FD00D13A76 /* LaunchScreen.storyboard */ = {
			isa = PBXVariantGroup;
			children = (
				1083CD522B4DA6FD00D13A76 /* Base */,
			);
			name = LaunchScreen.storyboard;
			sourceTree = "<group>";
		};
/* End PBXVariantGroup section */

/* Begin XCBuildConfiguration section */
		1083CD6B2B4DA6FD00D13A76 /* Debug */ = {
			isa = XCBuildConfiguration;
			buildSettings = {
				ALWAYS_SEARCH_USER_PATHS = NO;
				ASSETCATALOG_COMPILER_GENERATE_SWIFT_ASSET_SYMBOL_EXTENSIONS = YES;
				CLANG_ANALYZER_NONNULL = YES;
				CLANG_ANALYZER_NUMBER_OBJECT_CONVERSION = YES_AGGRESSIVE;
				CLANG_CXX_LANGUAGE_STANDARD = "gnu++20";
				CLANG_ENABLE_MODULES = YES;
				CLANG_ENABLE_OBJC_ARC = YES;
				CLANG_ENABLE_OBJC_WEAK = YES;
				CLANG_WARN_BLOCK_CAPTURE_AUTORELEASING = YES;
				CLANG_WARN_BOOL_CONVERSION = YES;
				CLANG_WARN_COMMA = YES;
				CLANG_WARN_CONSTANT_CONVERSION = YES;
				CLANG_WARN_DEPRECATED_OBJC_IMPLEMENTATIONS = YES;
				CLANG_WARN_DIRECT_OBJC_ISA_USAGE = YES_ERROR;
				CLANG_WARN_DOCUMENTATION_COMMENTS = YES;
				CLANG_WARN_EMPTY_BODY = YES;
				CLANG_WARN_ENUM_CONVERSION = YES;
				CLANG_WARN_INFINITE_RECURSION = YES;
				CLANG_WARN_INT_CONVERSION = YES;
				CLANG_WARN_NON_LITERAL_NULL_CONVERSION = YES;
				CLANG_WARN_OBJC_IMPLICIT_RETAIN_SELF = YES;
				CLANG_WARN_OBJC_LITERAL_CONVERSION = YES;
				CLANG_WARN_OBJC_ROOT_CLASS = YES_ERROR;
				CLANG_WARN_QUOTED_INCLUDE_IN_FRAMEWORK_HEADER = YES;
				CLANG_WARN_RANGE_LOOP_ANALYSIS = YES;
				CLANG_WARN_STRICT_PROTOTYPES = YES;
				CLANG_WARN_SUSPICIOUS_MOVE = YES;
				CLANG_WARN_UNGUARDED_AVAILABILITY = YES_AGGRESSIVE;
				CLANG_WARN_UNREACHABLE_CODE = YES;
				CLANG_WARN__DUPLICATE_METHOD_MATCH = YES;
				COPY_PHASE_STRIP = NO;
				DEBUG_INFORMATION_FORMAT = dwarf;
				ENABLE_STRICT_OBJC_MSGSEND = YES;
				ENABLE_TESTABILITY = YES;
				ENABLE_USER_SCRIPT_SANDBOXING = YES;
				GCC_C_LANGUAGE_STANDARD = gnu17;
				GCC_DYNAMIC_NO_PIC = NO;
				GCC_NO_COMMON_BLOCKS = YES;
				GCC_OPTIMIZATION_LEVEL = 0;
				GCC_PREPROCESSOR_DEFINITIONS = (
					"DEBUG=1",
					"$(inherited)",
				);
				GCC_WARN_64_TO_32_BIT_CONVERSION = YES;
				GCC_WARN_ABOUT_RETURN_TYPE = YES_ERROR;
				GCC_WARN_UNDECLARED_SELECTOR = YES;
				GCC_WARN_UNINITIALIZED_AUTOS = YES_AGGRESSIVE;
				GCC_WARN_UNUSED_FUNCTION = YES;
				GCC_WARN_UNUSED_VARIABLE = YES;
				IPHONEOS_DEPLOYMENT_TARGET = 17.2;
				LOCALIZATION_PREFERS_STRING_CATALOGS = YES;
				MTL_ENABLE_DEBUG_INFO = INCLUDE_SOURCE;
				MTL_FAST_MATH = YES;
				ONLY_ACTIVE_ARCH = YES;
				SDKROOT = iphoneos;
				SWIFT_ACTIVE_COMPILATION_CONDITIONS = "DEBUG $(inherited)";
				SWIFT_OPTIMIZATION_LEVEL = "-Onone";
			};
			name = Debug;
		};
		1083CD6C2B4DA6FD00D13A76 /* Release */ = {
			isa = XCBuildConfiguration;
			buildSettings = {
				ALWAYS_SEARCH_USER_PATHS = NO;
				ASSETCATALOG_COMPILER_GENERATE_SWIFT_ASSET_SYMBOL_EXTENSIONS = YES;
				CLANG_ANALYZER_NONNULL = YES;
				CLANG_ANALYZER_NUMBER_OBJECT_CONVERSION = YES_AGGRESSIVE;
				CLANG_CXX_LANGUAGE_STANDARD = "gnu++20";
				CLANG_ENABLE_MODULES = YES;
				CLANG_ENABLE_OBJC_ARC = YES;
				CLANG_ENABLE_OBJC_WEAK = YES;
				CLANG_WARN_BLOCK_CAPTURE_AUTORELEASING = YES;
				CLANG_WARN_BOOL_CONVERSION = YES;
				CLANG_WARN_COMMA = YES;
				CLANG_WARN_CONSTANT_CONVERSION = YES;
				CLANG_WARN_DEPRECATED_OBJC_IMPLEMENTATIONS = YES;
				CLANG_WARN_DIRECT_OBJC_ISA_USAGE = YES_ERROR;
				CLANG_WARN_DOCUMENTATION_COMMENTS = YES;
				CLANG_WARN_EMPTY_BODY = YES;
				CLANG_WARN_ENUM_CONVERSION = YES;
				CLANG_WARN_INFINITE_RECURSION = YES;
				CLANG_WARN_INT_CONVERSION = YES;
				CLANG_WARN_NON_LITERAL_NULL_CONVERSION = YES;
				CLANG_WARN_OBJC_IMPLICIT_RETAIN_SELF = YES;
				CLANG_WARN_OBJC_LITERAL_CONVERSION = YES;
				CLANG_WARN_OBJC_ROOT_CLASS = YES_ERROR;
				CLANG_WARN_QUOTED_INCLUDE_IN_FRAMEWORK_HEADER = YES;
				CLANG_WARN_RANGE_LOOP_ANALYSIS = YES;
				CLANG_WARN_STRICT_PROTOTYPES = YES;
				CLANG_WARN_SUSPICIOUS_MOVE = YES;
				CLANG_WARN_UNGUARDED_AVAILABILITY = YES_AGGRESSIVE;
				CLANG_WARN_UNREACHABLE_CODE = YES;
				CLANG_WARN__DUPLICATE_METHOD_MATCH = YES;
				COPY_PHASE_STRIP = NO;
				DEBUG_INFORMATION_FORMAT = "dwarf-with-dsym";
				ENABLE_NS_ASSERTIONS = NO;
				ENABLE_STRICT_OBJC_MSGSEND = YES;
				ENABLE_USER_SCRIPT_SANDBOXING = YES;
				GCC_C_LANGUAGE_STANDARD = gnu17;
				GCC_NO_COMMON_BLOCKS = YES;
				GCC_WARN_64_TO_32_BIT_CONVERSION = YES;
				GCC_WARN_ABOUT_RETURN_TYPE = YES_ERROR;
				GCC_WARN_UNDECLARED_SELECTOR = YES;
				GCC_WARN_UNINITIALIZED_AUTOS = YES_AGGRESSIVE;
				GCC_WARN_UNUSED_FUNCTION = YES;
				GCC_WARN_UNUSED_VARIABLE = YES;
				IPHONEOS_DEPLOYMENT_TARGET = 17.2;
				LOCALIZATION_PREFERS_STRING_CATALOGS = YES;
				MTL_ENABLE_DEBUG_INFO = NO;
				MTL_FAST_MATH = YES;
				SDKROOT = iphoneos;
				SWIFT_COMPILATION_MODE = wholemodule;
				VALIDATE_PRODUCT = YES;
			};
			name = Release;
		};
		1083CD6E2B4DA6FD00D13A76 /* Debug */ = {
			isa = XCBuildConfiguration;
			buildSettings = {
				ASSETCATALOG_COMPILER_APPICON_NAME = AppIcon;
				ASSETCATALOG_COMPILER_GLOBAL_ACCENT_COLOR_NAME = AccentColor;
				CODE_SIGN_STYLE = Automatic;
				CURRENT_PROJECT_VERSION = 1;
				DEVELOPMENT_TEAM = "";
				GENERATE_INFOPLIST_FILE = YES;
				INFOPLIST_FILE = CoreDataProject/Info.plist;
				INFOPLIST_KEY_UIApplicationSupportsIndirectInputEvents = YES;
				INFOPLIST_KEY_UILaunchStoryboardName = LaunchScreen;
				INFOPLIST_KEY_UIMainStoryboardFile = Main;
				INFOPLIST_KEY_UISupportedInterfaceOrientations_iPad = "UIInterfaceOrientationPortrait UIInterfaceOrientationPortraitUpsideDown UIInterfaceOrientationLandscapeLeft UIInterfaceOrientationLandscapeRight";
				INFOPLIST_KEY_UISupportedInterfaceOrientations_iPhone = "UIInterfaceOrientationPortrait UIInterfaceOrientationLandscapeLeft UIInterfaceOrientationLandscapeRight";
				LD_RUNPATH_SEARCH_PATHS = (
					"$(inherited)",
					"@executable_path/Frameworks",
				);
				MARKETING_VERSION = 1.0;
				NEW_SETTING = "";
				PRODUCT_BUNDLE_IDENTIFIER = jiva.com.CoreDataProject;
				PRODUCT_NAME = "$(TARGET_NAME)";
				SWIFT_EMIT_LOC_STRINGS = YES;
				SWIFT_VERSION = 5.0;
				TARGETED_DEVICE_FAMILY = "1,2";
			};
			name = Debug;
		};
		1083CD6F2B4DA6FD00D13A76 /* Release */ = {
			isa = XCBuildConfiguration;
			buildSettings = {
				ASSETCATALOG_COMPILER_APPICON_NAME = AppIcon;
				ASSETCATALOG_COMPILER_GLOBAL_ACCENT_COLOR_NAME = AccentColor;
				CODE_SIGN_STYLE = Automatic;
				CURRENT_PROJECT_VERSION = 1;
				DEVELOPMENT_TEAM = "";
				GENERATE_INFOPLIST_FILE = YES;
				INFOPLIST_FILE = CoreDataProject/Info.plist;
				INFOPLIST_KEY_UIApplicationSupportsIndirectInputEvents = YES;
				INFOPLIST_KEY_UILaunchStoryboardName = LaunchScreen;
				INFOPLIST_KEY_UIMainStoryboardFile = Main;
				INFOPLIST_KEY_UISupportedInterfaceOrientations_iPad = "UIInterfaceOrientationPortrait UIInterfaceOrientationPortraitUpsideDown UIInterfaceOrientationLandscapeLeft UIInterfaceOrientationLandscapeRight";
				INFOPLIST_KEY_UISupportedInterfaceOrientations_iPhone = "UIInterfaceOrientationPortrait UIInterfaceOrientationLandscapeLeft UIInterfaceOrientationLandscapeRight";
				LD_RUNPATH_SEARCH_PATHS = (
					"$(inherited)",
					"@executable_path/Frameworks",
				);
				MARKETING_VERSION = 1.0;
				NEW_SETTING = "";
				PRODUCT_BUNDLE_IDENTIFIER = jiva.com.CoreDataProject;
				PRODUCT_NAME = "$(TARGET_NAME)";
				SWIFT_EMIT_LOC_STRINGS = YES;
				SWIFT_VERSION = 5.0;
				TARGETED_DEVICE_FAMILY = "1,2";
			};
			name = Release;
		};
		1083CD712B4DA6FD00D13A76 /* Debug */ = {
			isa = XCBuildConfiguration;
			buildSettings = {
				ALWAYS_EMBED_SWIFT_STANDARD_LIBRARIES = YES;
				BUNDLE_LOADER = "$(TEST_HOST)";
				CODE_SIGN_STYLE = Automatic;
				CURRENT_PROJECT_VERSION = 1;
				GENERATE_INFOPLIST_FILE = YES;
				IPHONEOS_DEPLOYMENT_TARGET = 17.2;
				MARKETING_VERSION = 1.0;
				PRODUCT_BUNDLE_IDENTIFIER = jiva.com.CoreDataProjectTests;
				PRODUCT_NAME = "$(TARGET_NAME)";
				SWIFT_EMIT_LOC_STRINGS = NO;
				SWIFT_VERSION = 5.0;
				TARGETED_DEVICE_FAMILY = "1,2";
				TEST_HOST = "$(BUILT_PRODUCTS_DIR)/CoreDataProject.app/$(BUNDLE_EXECUTABLE_FOLDER_PATH)/CoreDataProject";
			};
			name = Debug;
		};
		1083CD722B4DA6FD00D13A76 /* Release */ = {
			isa = XCBuildConfiguration;
			buildSettings = {
				ALWAYS_EMBED_SWIFT_STANDARD_LIBRARIES = YES;
				BUNDLE_LOADER = "$(TEST_HOST)";
				CODE_SIGN_STYLE = Automatic;
				CURRENT_PROJECT_VERSION = 1;
				GENERATE_INFOPLIST_FILE = YES;
				IPHONEOS_DEPLOYMENT_TARGET = 17.2;
				MARKETING_VERSION = 1.0;
				PRODUCT_BUNDLE_IDENTIFIER = jiva.com.CoreDataProjectTests;
				PRODUCT_NAME = "$(TARGET_NAME)";
				SWIFT_EMIT_LOC_STRINGS = NO;
				SWIFT_VERSION = 5.0;
				TARGETED_DEVICE_FAMILY = "1,2";
				TEST_HOST = "$(BUILT_PRODUCTS_DIR)/CoreDataProject.app/$(BUNDLE_EXECUTABLE_FOLDER_PATH)/CoreDataProject";
			};
			name = Release;
		};
		1083CD742B4DA6FD00D13A76 /* Debug */ = {
			isa = XCBuildConfiguration;
			buildSettings = {
				ALWAYS_EMBED_SWIFT_STANDARD_LIBRARIES = YES;
				CODE_SIGN_STYLE = Automatic;
				CURRENT_PROJECT_VERSION = 1;
				GENERATE_INFOPLIST_FILE = YES;
				MARKETING_VERSION = 1.0;
				PRODUCT_BUNDLE_IDENTIFIER = jiva.com.CoreDataProjectUITests;
				PRODUCT_NAME = "$(TARGET_NAME)";
				SWIFT_EMIT_LOC_STRINGS = NO;
				SWIFT_VERSION = 5.0;
				TARGETED_DEVICE_FAMILY = "1,2";
				TEST_TARGET_NAME = CoreDataProject;
			};
			name = Debug;
		};
		1083CD752B4DA6FD00D13A76 /* Release */ = {
			isa = XCBuildConfiguration;
			buildSettings = {
				ALWAYS_EMBED_SWIFT_STANDARD_LIBRARIES = YES;
				CODE_SIGN_STYLE = Automatic;
				CURRENT_PROJECT_VERSION = 1;
				GENERATE_INFOPLIST_FILE = YES;
				MARKETING_VERSION = 1.0;
				PRODUCT_BUNDLE_IDENTIFIER = jiva.com.CoreDataProjectUITests;
				PRODUCT_NAME = "$(TARGET_NAME)";
				SWIFT_EMIT_LOC_STRINGS = NO;
				SWIFT_VERSION = 5.0;
				TARGETED_DEVICE_FAMILY = "1,2";
				TEST_TARGET_NAME = CoreDataProject;
			};
			name = Release;
		};
/* End XCBuildConfiguration section */

/* Begin XCConfigurationList section */
		1083CD3E2B4DA6E400D13A76 /* Build configuration list for PBXProject "CoreDataProject" */ = {
			isa = XCConfigurationList;
			buildConfigurations = (
				1083CD6B2B4DA6FD00D13A76 /* Debug */,
				1083CD6C2B4DA6FD00D13A76 /* Release */,
			);
			defaultConfigurationIsVisible = 0;
			defaultConfigurationName = Release;
		};
		1083CD6D2B4DA6FD00D13A76 /* Build configuration list for PBXNativeTarget "CoreDataProject" */ = {
			isa = XCConfigurationList;
			buildConfigurations = (
				1083CD6E2B4DA6FD00D13A76 /* Debug */,
				1083CD6F2B4DA6FD00D13A76 /* Release */,
			);
			defaultConfigurationIsVisible = 0;
			defaultConfigurationName = Release;
		};
		1083CD702B4DA6FD00D13A76 /* Build configuration list for PBXNativeTarget "CoreDataProjectTests" */ = {
			isa = XCConfigurationList;
			buildConfigurations = (
				1083CD712B4DA6FD00D13A76 /* Debug */,
				1083CD722B4DA6FD00D13A76 /* Release */,
			);
			defaultConfigurationIsVisible = 0;
			defaultConfigurationName = Release;
		};
		1083CD732B4DA6FD00D13A76 /* Build configuration list for PBXNativeTarget "CoreDataProjectUITests" */ = {
			isa = XCConfigurationList;
			buildConfigurations = (
				1083CD742B4DA6FD00D13A76 /* Debug */,
				1083CD752B4DA6FD00D13A76 /* Release */,
			);
			defaultConfigurationIsVisible = 0;
			defaultConfigurationName = Release;
		};
/* End XCConfigurationList section */

/* Begin XCVersionGroup section */
		1083CD822B4DBC3C00D13A76 /* CoreDataProject.xcdatamodeld */ = {
			isa = XCVersionGroup;
			children = (
				1083CD832B4DBC3C00D13A76 /* CoreDataProject.xcdatamodel */,
			);
			currentVersion = 1083CD832B4DBC3C00D13A76 /* CoreDataProject.xcdatamodel */;
			path = CoreDataProject.xcdatamodeld;
			sourceTree = "<group>";
			versionGroupType = wrapper.xcdatamodel;
		};
/* End XCVersionGroup section */
	};
	rootObject = 1083CD3B2B4DA6E400D13A76 /* Project object */;
}
